{
  "version": 2,
  "dependencies": {
    "net10.0": {
      "Isopoh.Cryptography.Argon2": {
        "type": "Direct",
        "requested": "[2.0.0, )",
        "resolved": "2.0.0",
        "contentHash": "8ytWN19j+qARb/XYi7KkNMm4Z8zS6tfGgnsZ1N5ihbQ5LXfyL+uYowfJxtGW9TO0S8NM2q0BaTKGOtOlsrhclQ==",
        "dependencies": {
          "Isopoh.Cryptography.Blake2b": "2.0.0",
          "Isopoh.Cryptography.SecureArray": "2.0.0"
        }
      },
      "mu88.Shared": {
        "type": "Direct",
        "requested": "[8.0.0, )",
        "resolved": "8.0.0",
        "contentHash": "wMQMTl/lc1miN4Y91iE9nKdo4Hjm84VePUcTHV9G6kpgO4EL7Qi7dJf2OnFc9XwKGYej73qiViHPBNH6SX9nWw==",
        "dependencies": {
          "IDisposableAnalyzers": "4.0.8",
          "Meziantou.Analyzer": "2.0.292",
          "OpenTelemetry.Exporter.OpenTelemetryProtocol": "1.15.0",
          "OpenTelemetry.Extensions.Hosting": "1.15.0",
          "OpenTelemetry.Instrumentation.AspNetCore": "1.15.0",
          "OpenTelemetry.Instrumentation.EntityFrameworkCore": "1.0.0-beta.12",
          "OpenTelemetry.Instrumentation.Process": "0.5.0-beta.7",
          "OpenTelemetry.Instrumentation.Runtime": "1.15.0",
          "StyleCop.Analyzers": "1.1.118"
        }
      },
      "IDisposableAnalyzers": {
        "type": "Transitive",
        "resolved": "4.0.8",
        "contentHash": "vNi4NMG0CcJyjXxiNDcQ21FwV/whM9o9OEZKD+oP7tuxAqFEzX/x5OhC3OZJqW/w+8GOtCmJPBquYgMWgz0rfQ=="
      },
      "Isopoh.Cryptography.Blake2b": {
        "type": "Transitive",
        "resolved": "2.0.0",
        "contentHash": "Co56bjSZV13fpvYHEN04qG8hqc0rKRm4os8iEgpJ/kujvt0pYtOVhj5J0Q7HBPbHwpcChRh2CjYVCGm4nw85VQ==",
        "dependencies": {
          "Isopoh.Cryptography.SecureArray": "2.0.0"
        }
      },
      "Isopoh.Cryptography.SecureArray": {
        "type": "Transitive",
        "resolved": "2.0.0",
        "contentHash": "oWbRv/BTztKJxKFr3FBurWBBCgE1+nUTm3pwtA3Yg7Xeo4wDpaLstAwqx8HeQG3/b9yOs2qykpqfbNPJ40McIw=="
      },
      "Meziantou.Analyzer": {
        "type": "Transitive",
        "resolved": "2.0.292",
        "contentHash": "4oKm7vorrBa2iS46DlwFZfIHDrIAV4YhC3jTTMyW+uF+3Lp0xb0K6Fm/UpRTWzkddTzfbd/tvdRdfC+G3Hkeaw=="
      },
      "OpenTelemetry": {
        "type": "Transitive",
        "resolved": "1.15.0",
        "contentHash": "7mS/oZFF8S6xyqGQfMU1btp0nXJQUPWV535Vp/XMLYwRAUv36xQN+U4vufWBF1+z4HnRTOwuFHtUSGnHbyN6FQ==",
        "dependencies": {
          "OpenTelemetry.Api.ProviderBuilderExtensions": "1.15.0"
        }
      },
      "OpenTelemetry.Api": {
        "type": "Transitive",
        "resolved": "1.15.0",
        "contentHash": "vk5OGdf6K9kQScCWo3bRjhDWCv6Pqw92IpX4dlARZ8B1WL7/2NGTDtCkkw42eQf7UdwyoHKzVvMH/PtL8d6z7w=="
      },
      "OpenTelemetry.Api.ProviderBuilderExtensions": {
        "type": "Transitive",
        "resolved": "1.15.0",
        "contentHash": "OnuSUlRpGvowkOzGFQfy+KZFu0cITfKfh2IYJJiZskxVJiOuexwOOuvfDAgpJdmTzVWAHjYdz2shcHZaJ06UjQ==",
        "dependencies": {
          "OpenTelemetry.Api": "1.15.0"
        }
      },
      "OpenTelemetry.Exporter.OpenTelemetryProtocol": {
        "type": "Transitive",
        "resolved": "1.15.0",
        "contentHash": "VH8ANc/js9IRvfYt0Q2UaAxNCOWm+IU+vWrtoH7pfx4oWPVdISUt+9uWfBCFMWZg5WzQip5dhslyDjeyZXXfSQ==",
        "dependencies": {
          "OpenTelemetry": "1.15.0"
        }
      },
      "OpenTelemetry.Extensions.Hosting": {
        "type": "Transitive",
        "resolved": "1.15.0",
        "contentHash": "RixjKyB1pbYGhWdvPto4KJs+exdQknJsnjUO9WszdLles5Vcd0EYzxPNJdwmLjYfP+Jfbr4B5nktM4ZgeHSWtg==",
        "dependencies": {
          "OpenTelemetry": "1.15.0"
        }
      },
      "OpenTelemetry.Instrumentation.AspNetCore": {
        "type": "Transitive",
        "resolved": "1.15.0",
        "contentHash": "mte1nRYefxjed2syXgVWq3UCfMKO7MkebvTZmf0O1aLgVgCktLsVjQ6mftyjIbWGBBCHN0wg+Glxj8BSFS70pQ==",
        "dependencies": {
          "OpenTelemetry.Api.ProviderBuilderExtensions": "[1.15.0, 2.0.0)"
        }
      },
      "OpenTelemetry.Instrumentation.EntityFrameworkCore": {
        "type": "Transitive",
        "resolved": "1.0.0-beta.12",
        "contentHash": "L/wZDi3MXyL2OsaxykjNovTgNhGq0kVtWNcCoqzOctxYMnCUGAQHYA9XwZGpad1vnnFxHOcN3oW4qFAQuYpKUA==",
        "dependencies": {
          "OpenTelemetry.Api.ProviderBuilderExtensions": "[1.9.0, 2.0.0)"
        }
      },
      "OpenTelemetry.Instrumentation.Process": {
        "type": "Transitive",
        "resolved": "0.5.0-beta.7",
        "contentHash": "v+g5CPU/sJhyc1FTOgTaQTwvrQXquSxdndF+E3fS8SXYPLVAa2INHa8jqCFKvYp1rO+yaVizRw1gCOaDJJzauA==",
        "dependencies": {
          "OpenTelemetry.Api": "[1.9.0, 2.0.0)"
        }
      },
      "OpenTelemetry.Instrumentation.Runtime": {
        "type": "Transitive",
        "resolved": "1.15.0",
        "contentHash": "OOvpqR/j2Pb6+tWhHNODIbSJ53Or/MDtTiXEyrsWI02K2lLAgvBFcxUOrHggS/8015cYR3AdSaXv6NZrkz5yQA==",
        "dependencies": {
          "OpenTelemetry.Api": "[1.15.0, 2.0.0)"
        }
      },
      "StyleCop.Analyzers": {
        "type": "Transitive",
        "resolved": "1.1.118",
        "contentHash": "Onx6ovGSqXSK07n/0eM3ZusiNdB6cIlJdabQhWGgJp3Vooy9AaLS/tigeybOJAobqbtggTamoWndz72JscZBvw=="
      }
    },
    "net10.0/linux-arm64": {},
    "net10.0/linux-x64": {}
  }
}